{
	"name": "huya_danmu",
	"version": "1.0.0",
	"lockfileVersion": 2,
	"requires": true,
	"packages": {
		"": {
			"name": "huya_danmu",
			"version": "1.0.0",
			"dependencies": {
				"axios": "^0.21.1",
				"ws": "^7.5.1"
			}
		},
		"node_modules/axios": {
			"version": "0.21.1",
			"resolved": "https://registry.nlark.com/axios/download/axios-0.21.1.tgz",
			"integrity": "sha1-IlY0gZYvTWvemnbVFu8OXTwJsrg=",
			"license": "MIT",
			"dependencies": {
				"follow-redirects": "^1.10.0"
			}
		},
		"node_modules/follow-redirects": {
			"version": "1.14.1",
			"resolved": "https://registry.nlark.com/follow-redirects/download/follow-redirects-1.14.1.tgz",
			"integrity": "sha1-2RFN7Qoc/dM04WTmZirQK/2R/0M=",
			"funding": [
				{
					"type": "individual",
					"url": "https://github.com/sponsors/RubenVerborgh"
				}
			],
			"license": "MIT",
			"engines": {
				"node": ">=4.0"
			},
			"peerDependenciesMeta": {
				"debug": {
					"optional": true
				}
			}
		},
		"node_modules/ws": {
			"version": "7.5.1",
			"resolved": "https://registry.nlark.com/ws/download/ws-7.5.1.tgz?cache=0&sync_timestamp=1624943994930&other_urls=https%3A%2F%2Fregistry.nlark.com%2Fws%2Fdownload%2Fws-7.5.1.tgz",
			"integrity": "sha1-RPwADYftsdnFPlH7xpoKwfaHHWY=",
			"license": "MIT",
			"engines": {
				"node": ">=8.3.0"
			},
			"peerDependencies": {
				"bufferutil": "^4.0.1",
				"utf-8-validate": "^5.0.2"
			},
			"peerDependenciesMeta": {
				"bufferutil": {
					"optional": true
				},
				"utf-8-validate": {
					"optional": true
				}
			}
		}
	},
	"dependencies": {
		"axios": {
			"version": "0.21.1",
			"resolved": "https://registry.nlark.com/axios/download/axios-0.21.1.tgz",
			"integrity": "sha1-IlY0gZYvTWvemnbVFu8OXTwJsrg=",
			"requires": {
				"follow-redirects": "^1.10.0"
			}
		},
		"follow-redirects": {
			"version": "1.14.1",
			"resolved": "https://registry.nlark.com/follow-redirects/download/follow-redirects-1.14.1.tgz",
			"integrity": "sha1-2RFN7Qoc/dM04WTmZirQK/2R/0M="
		},
		"ws": {
			"version": "7.5.1",
			"resolved": "https://registry.nlark.com/ws/download/ws-7.5.1.tgz?cache=0&sync_timestamp=1624943994930&other_urls=https%3A%2F%2Fregistry.nlark.com%2Fws%2Fdownload%2Fws-7.5.1.tgz",
			"integrity": "sha1-RPwADYftsdnFPlH7xpoKwfaHHWY=",
			"requires": {}
		}
	}
}
