# THIS IS AN AUTOGENERATED FILE. DO NOT EDIT THIS FILE DIRECTLY.
# yarn lockfile v1


"axios@^0.21.1":
  "integrity" "sha1-IlY0gZYvTWvemnbVFu8OXTwJsrg="
  "resolved" "https://registry.nlark.com/axios/download/axios-0.21.1.tgz"
  "version" "0.21.1"
  dependencies:
    "follow-redirects" "^1.10.0"

"follow-redirects@^1.10.0":
  "integrity" "sha1-2RFN7Qoc/dM04WTmZirQK/2R/0M="
  "resolved" "https://registry.nlark.com/follow-redirects/download/follow-redirects-1.14.1.tgz"
  "version" "1.14.1"

"ws@^7.5.1":
  "integrity" "sha1-RPwADYftsdnFPlH7xpoKwfaHHWY="
  "resolved" "https://registry.nlark.com/ws/download/ws-7.5.1.tgz?cache=0&sync_timestamp=1624943994930&other_urls=https%3A%2F%2Fregistry.nlark.com%2Fws%2Fdownload%2Fws-7.5.1.tgz"
  "version" "7.5.1"
